{
  "name": "ita-webhook-proxy",
  "version": "1.0.0",
  "lockfileVersion": 2,
  "dependencies": {
    "express": {
      "version": "4.17.1",
      "resolved": "https://registry.npmjs.org/express/-/express-4.17.1.tgz",
      "integrity": "sha512-KJpW5w64B03WCOy1PR6I+MdyhTydikbx2WRZ1ofzMNcM53nx8UxoTSZ5wPbBYY9JlxZjBDuUq9WgXY7jp30lKkA=="
    },
    "other-dependency": {
      "version": "1.2.3",
      "resolved": "https://registry.npmjs.org/other-dependency/-/other-dependency-1.2.3.tgz",
      "integrity": "sha512-abcdEFG=="
    }
  }
}
