{
  "name": "ita-webhook-proxy",
  "version": "1.0.0",
  "lockfileVersion": 2,
  "dependencies": {
    "express": {
      "version": "4.17.1",
      "resolved": "https://registry.npmjs.org/express/-/express-4.17.1.tgz",
      "integrity": "sha512-KJpW5w64B03WCOy1PR6I+MdyhTydikbx2WRZ1ofzMNcM53nx8UxoTSZ5wPbBYY9JlxZjBDuUq9WgXY7jp30lKkA=="
    },
    "axios": {
      "version": "1.4.0",
      "resolved": "https://registry.npmjs.org/axios/-/axios-1.4.0.tgz",
      "integrity": "sha512-4fL7GFZ5S5Ls56x2pF5nxP7X1fYP3mqlbMcZGKM6P7fLqvh9HgUmz0GVk4xFtnSgq2rYp8mbIbzVs16n4dmAeGQ=="
    },
    "dotenv": {
      "version": "16.0.3",
      "resolved": "https://registry.npmjs.org/dotenv/-/dotenv-16.0.3.tgz",
      "integrity": "sha512-wD42zEo8YcWJYsiHpn0E2I2D7I67T1XxM2kbLOOe2XtQenNdd9xIu2t1vc03doJwJrVg5z7glE9tSHvJw5F1gQA=="
    }
  }
}
